
Microsoft Visual Studio Solution File, Format Version 12.00
# Visual Studio Version 16
VisualStudioVersion = 16.0.31005.135
MinimumVisualStudioVersion = 10.0.40219.1
Project("{FAE04EC0-301F-11D3-BF4B-00C04F79EFBC}") = "LibraryManagementSystem", "LibraryManagementSystem.csproj", "{237A9B9C-B8B6-453C-A3A3-8149F4297492}"
EndProject
Global
	GlobalSection(SolutionConfigurationPlatforms) = preSolution
		Debug|Any CPU = Debug|Any CPU
		Release|Any CPU = Release|Any CPU
	EndGlobalSection
	GlobalSection(ProjectConfigurationPlatforms) = postSolution
		{237A9B9C-B8B6-453C-A3A3-8149F4297492}.Debug|Any CPU.ActiveCfg = Debug|Any CPU
		{237A9B9C-B8B6-453C-A3A3-8149F4297492}.Debug|Any CPU.Build.0 = Debug|Any CPU
		{237A9B9C-B8B6-453C-A3A3-8149F4297492}.Release|Any CPU.ActiveCfg = Release|Any CPU
		{237A9B9C-B8B6-453C-A3A3-8149F4297492}.Release|Any CPU.Build.0 = Release|Any CPU
	EndGlobalSection
	GlobalSection(SolutionProperties) = preSolution
		HideSolutionNode = FALSE
	EndGlobalSection
	GlobalSection(ExtensibilityGlobals) = postSolution
		SolutionGuid = {7ADE5EA2-CE44-4D9F-93D9-399372FB1666}
	EndGlobalSection
EndGlobal
